
Microsoft Visual Studio Solution File, Format Version 12.00
# Visual Studio Version 16
VisualStudioVersion = 16.0.29920.165
MinimumVisualStudioVersion = 10.0.40219.1
Project("{FAE04EC0-301F-11D3-BF4B-00C04F79EFBC}") = "AppGetSameFiles", "AppGetSameFiles.csproj", "{AD2582D7-2BAD-41E9-BC8D-97D0AC4CAAC3}"
EndProject
Global
	GlobalSection(SolutionConfigurationPlatforms) = preSolution
		Debug|Any CPU = Debug|Any CPU
		Release|Any CPU = Release|Any CPU
	EndGlobalSection
	GlobalSection(ProjectConfigurationPlatforms) = postSolution
		{AD2582D7-2BAD-41E9-BC8D-97D0AC4CAAC3}.Debug|Any CPU.ActiveCfg = Debug|Any CPU
		{AD2582D7-2BAD-41E9-BC8D-97D0AC4CAAC3}.Debug|Any CPU.Build.0 = Debug|Any CPU
		{AD2582D7-2BAD-41E9-BC8D-97D0AC4CAAC3}.Release|Any CPU.ActiveCfg = Release|Any CPU
		{AD2582D7-2BAD-41E9-BC8D-97D0AC4CAAC3}.Release|Any CPU.Build.0 = Release|Any CPU
	EndGlobalSection
	GlobalSection(SolutionProperties) = preSolution
		HideSolutionNode = FALSE
	EndGlobalSection
	GlobalSection(ExtensibilityGlobals) = postSolution
		SolutionGuid = {9E0DA492-E76E-4850-86FD-CCE306E4C470}
	EndGlobalSection
EndGlobal
